
Microsoft Visual Studio Solution File, Format Version 12.00
# Visual Studio Version 17
VisualStudioVersion = 17.5.33530.505
MinimumVisualStudioVersion = 10.0.40219.1
Project("{FAE04EC0-301F-11D3-BF4B-00C04F79EFBC}") = "MagicVilla_API", "MagicVilla_API.csproj", "{59D8C78F-2153-46F7-86E1-F5D0D94A661A}"
EndProject
Global
	GlobalSection(SolutionConfigurationPlatforms) = preSolution
		Debug|Any CPU = Debug|Any CPU
		Release|Any CPU = Release|Any CPU
	EndGlobalSection
	GlobalSection(ProjectConfigurationPlatforms) = postSolution
		{59D8C78F-2153-46F7-86E1-F5D0D94A661A}.Debug|Any CPU.ActiveCfg = Debug|Any CPU
		{59D8C78F-2153-46F7-86E1-F5D0D94A661A}.Debug|Any CPU.Build.0 = Debug|Any CPU
		{59D8C78F-2153-46F7-86E1-F5D0D94A661A}.Release|Any CPU.ActiveCfg = Release|Any CPU
		{59D8C78F-2153-46F7-86E1-F5D0D94A661A}.Release|Any CPU.Build.0 = Release|Any CPU
	EndGlobalSection
	GlobalSection(SolutionProperties) = preSolution
		HideSolutionNode = FALSE
	EndGlobalSection
	GlobalSection(ExtensibilityGlobals) = postSolution
		SolutionGuid = {74A460F9-A8FE-45F0-9BAE-193FA311A7FC}
	EndGlobalSection
EndGlobal
